
Microsoft Visual Studio Solution File, Format Version 12.00
# Visual Studio Version 16
VisualStudioVersion = 16.0.29409.12
MinimumVisualStudioVersion = 10.0.40219.1
Project("{FAE04EC0-301F-11D3-BF4B-00C04F79EFBC}") = "project2_nezih", "project2_nezih.csproj", "{593B68FB-9E5C-4227-B25A-0E3BAC24F12C}"
EndProject
Global
	GlobalSection(SolutionConfigurationPlatforms) = preSolution
		Debug|Any CPU = Debug|Any CPU
		Release|Any CPU = Release|Any CPU
	EndGlobalSection
	GlobalSection(ProjectConfigurationPlatforms) = postSolution
		{593B68FB-9E5C-4227-B25A-0E3BAC24F12C}.Debug|Any CPU.ActiveCfg = Debug|Any CPU
		{593B68FB-9E5C-4227-B25A-0E3BAC24F12C}.Debug|Any CPU.Build.0 = Debug|Any CPU
		{593B68FB-9E5C-4227-B25A-0E3BAC24F12C}.Release|Any CPU.ActiveCfg = Release|Any CPU
		{593B68FB-9E5C-4227-B25A-0E3BAC24F12C}.Release|Any CPU.Build.0 = Release|Any CPU
	EndGlobalSection
	GlobalSection(SolutionProperties) = preSolution
		HideSolutionNode = FALSE
	EndGlobalSection
	GlobalSection(ExtensibilityGlobals) = postSolution
		SolutionGuid = {889EDBDC-82B8-44CF-82B5-8D62F8F89189}
	EndGlobalSection
EndGlobal
